
Microsoft Visual Studio Solution File, Format Version 11.00
# Visual Studio 2010
Project("{8BC9CEB8-8B4A-11D0-8D11-00A0C91BC942}") = "Cust01", "Cust01.vcxproj", "{E8452868-93EB-4439-BA70-CA0009E5FB12}"
EndProject
Global
	GlobalSection(SolutionConfigurationPlatforms) = preSolution
		Debug|Win32 = Debug|Win32
		Release|Win32 = Release|Win32
	EndGlobalSection
	GlobalSection(ProjectConfigurationPlatforms) = postSolution
		{E8452868-93EB-4439-BA70-CA0009E5FB12}.Debug|Win32.ActiveCfg = Debug|Win32
		{E8452868-93EB-4439-BA70-CA0009E5FB12}.Debug|Win32.Build.0 = Debug|Win32
		{E8452868-93EB-4439-BA70-CA0009E5FB12}.Release|Win32.ActiveCfg = Release|Win32
		{E8452868-93EB-4439-BA70-CA0009E5FB12}.Release|Win32.Build.0 = Release|Win32
	EndGlobalSection
	GlobalSection(SolutionProperties) = preSolution
		HideSolutionNode = FALSE
	EndGlobalSection
EndGlobal
